
Microsoft Visual Studio Solution File, Format Version 12.00
# Visual Studio Version 16
VisualStudioVersion = 16.0.30114.105
MinimumVisualStudioVersion = 10.0.40219.1
Project("{2150E333-8FDC-42A3-9474-1A3956D46DE8}") = "src", "src", "{1D65F713-2DD8-4F00-9EB7-7CD3D4CE9343}"
EndProject
Project("{FAE04EC0-301F-11D3-BF4B-00C04F79EFBC}") = "Isuro", "src\Isuro\Isuro.csproj", "{C7328C4E-31FA-4217-92F5-E5178C45C08B}"
EndProject
Project("{FAE04EC0-301F-11D3-BF4B-00C04F79EFBC}") = "Isuro.Language", "src\Isuro.Language\Isuro.Language.csproj", "{22A1C664-E9E9-483E-AE81-7AFFEB652D99}"
EndProject
Project("{FAE04EC0-301F-11D3-BF4B-00C04F79EFBC}") = "Isuro.Language.Common", "src\Isuro.Language.Common\Isuro.Language.Common.csproj", "{51C3E1B0-74BC-4870-A2BA-60B1591ED1D9}"
EndProject
Global
	GlobalSection(SolutionConfigurationPlatforms) = preSolution
		Debug|Any CPU = Debug|Any CPU
		Release|Any CPU = Release|Any CPU
	EndGlobalSection
	GlobalSection(SolutionProperties) = preSolution
		HideSolutionNode = FALSE
	EndGlobalSection
	GlobalSection(ProjectConfigurationPlatforms) = postSolution
		{C7328C4E-31FA-4217-92F5-E5178C45C08B}.Debug|Any CPU.ActiveCfg = Debug|Any CPU
		{C7328C4E-31FA-4217-92F5-E5178C45C08B}.Debug|Any CPU.Build.0 = Debug|Any CPU
		{C7328C4E-31FA-4217-92F5-E5178C45C08B}.Release|Any CPU.ActiveCfg = Release|Any CPU
		{C7328C4E-31FA-4217-92F5-E5178C45C08B}.Release|Any CPU.Build.0 = Release|Any CPU
		{22A1C664-E9E9-483E-AE81-7AFFEB652D99}.Debug|Any CPU.ActiveCfg = Debug|Any CPU
		{22A1C664-E9E9-483E-AE81-7AFFEB652D99}.Debug|Any CPU.Build.0 = Debug|Any CPU
		{22A1C664-E9E9-483E-AE81-7AFFEB652D99}.Release|Any CPU.ActiveCfg = Release|Any CPU
		{22A1C664-E9E9-483E-AE81-7AFFEB652D99}.Release|Any CPU.Build.0 = Release|Any CPU
		{51C3E1B0-74BC-4870-A2BA-60B1591ED1D9}.Debug|Any CPU.ActiveCfg = Debug|Any CPU
		{51C3E1B0-74BC-4870-A2BA-60B1591ED1D9}.Debug|Any CPU.Build.0 = Debug|Any CPU
		{51C3E1B0-74BC-4870-A2BA-60B1591ED1D9}.Release|Any CPU.ActiveCfg = Release|Any CPU
		{51C3E1B0-74BC-4870-A2BA-60B1591ED1D9}.Release|Any CPU.Build.0 = Release|Any CPU
	EndGlobalSection
	GlobalSection(NestedProjects) = preSolution
		{C7328C4E-31FA-4217-92F5-E5178C45C08B} = {1D65F713-2DD8-4F00-9EB7-7CD3D4CE9343}
		{22A1C664-E9E9-483E-AE81-7AFFEB652D99} = {1D65F713-2DD8-4F00-9EB7-7CD3D4CE9343}
		{51C3E1B0-74BC-4870-A2BA-60B1591ED1D9} = {1D65F713-2DD8-4F00-9EB7-7CD3D4CE9343}
	EndGlobalSection
EndGlobal
